
Microsoft Visual Studio Solution File, Format Version 12.00
# Visual Studio Version 16
VisualStudioVersion = 16.0.29318.209
MinimumVisualStudioVersion = 10.0.40219.1
Project("{8BC9CEB8-8B4A-11D0-8D11-00A0C91BC942}") = "Image-stiching", "Image-stiching\Image-stiching.vcxproj", "{4B232449-AE37-4979-8AAB-CA3539913002}"
EndProject
Project("{8BC9CEB8-8B4A-11D0-8D11-00A0C91BC942}") = "Image-stitching-detailed", "Image-stitching-detailed\Image-stitching-detailed.vcxproj", "{A36AC5C7-76E2-459C-8939-26B788C0E05A}"
EndProject
Project("{8BC9CEB8-8B4A-11D0-8D11-00A0C91BC942}") = "cuda-test", "cuda-test\cuda-test.vcxproj", "{EA6CBF55-DFF8-43A6-BD5F-FEA52591ADFA}"
EndProject
Project("{8BC9CEB8-8B4A-11D0-8D11-00A0C91BC942}") = "cuda-treshold", "cuda-treshold\cuda-treshold.vcxproj", "{E9506F30-3945-4F8C-85A7-5274320EA13E}"
EndProject
Project("{8BC9CEB8-8B4A-11D0-8D11-00A0C91BC942}") = "fourier_filtering", "fourier_filtering\fourier_filtering.vcxproj", "{D7800B74-C0B1-40FF-8DA5-D57328AEDD27}"
EndProject
Project("{8BC9CEB8-8B4A-11D0-8D11-00A0C91BC942}") = "video-writer", "video-writer\video-writer.vcxproj", "{1F168E33-53CC-41E0-9279-C3498CAB9572}"
EndProject
Project("{8BC9CEB8-8B4A-11D0-8D11-00A0C91BC942}") = "cuda-deviceinfo", "cuda-deviceinfo\cuda-deviceinfo.vcxproj", "{652979BE-5350-44CA-BB95-97681D1FCFBC}"
EndProject
Project("{8BC9CEB8-8B4A-11D0-8D11-00A0C91BC942}") = "svm-example", "svm-example\svm-example.vcxproj", "{FEDD8716-73EB-4987-9405-EF0354FF94F3}"
EndProject
Project("{8BC9CEB8-8B4A-11D0-8D11-00A0C91BC942}") = "dnn_classification", "dnn_classification\dnn_classification.vcxproj", "{8B7B9DC6-9CB0-427A-A703-DE093EB0F6C3}"
EndProject
Project("{8BC9CEB8-8B4A-11D0-8D11-00A0C91BC942}") = "dnn_yolo", "dnn_yolo\dnn_yolo.vcxproj", "{1E6187B0-C869-4905-B73C-53380AB5DB6A}"
EndProject
Project("{8BC9CEB8-8B4A-11D0-8D11-00A0C91BC942}") = "dnn2_yolo", "dnn2_yolo\dnn2_yolo.vcxproj", "{9D11B78B-58F1-4C9D-99AC-10E51D2B0F92}"
EndProject
Global
	GlobalSection(SolutionConfigurationPlatforms) = preSolution
		Debug|Win32 = Debug|Win32
		Debug|x64 = Debug|x64
		Release|Win32 = Release|Win32
		Release|x64 = Release|x64
	EndGlobalSection
	GlobalSection(ProjectConfigurationPlatforms) = postSolution
		{4B232449-AE37-4979-8AAB-CA3539913002}.Debug|Win32.ActiveCfg = Debug|Win32
		{4B232449-AE37-4979-8AAB-CA3539913002}.Debug|Win32.Build.0 = Debug|Win32
		{4B232449-AE37-4979-8AAB-CA3539913002}.Debug|x64.ActiveCfg = Debug|x64
		{4B232449-AE37-4979-8AAB-CA3539913002}.Debug|x64.Build.0 = Debug|x64
		{4B232449-AE37-4979-8AAB-CA3539913002}.Release|Win32.ActiveCfg = Release|Win32
		{4B232449-AE37-4979-8AAB-CA3539913002}.Release|Win32.Build.0 = Release|Win32
		{4B232449-AE37-4979-8AAB-CA3539913002}.Release|x64.ActiveCfg = Release|x64
		{4B232449-AE37-4979-8AAB-CA3539913002}.Release|x64.Build.0 = Release|x64
		{A36AC5C7-76E2-459C-8939-26B788C0E05A}.Debug|Win32.ActiveCfg = Debug|Win32
		{A36AC5C7-76E2-459C-8939-26B788C0E05A}.Debug|Win32.Build.0 = Debug|Win32
		{A36AC5C7-76E2-459C-8939-26B788C0E05A}.Debug|x64.ActiveCfg = Debug|x64
		{A36AC5C7-76E2-459C-8939-26B788C0E05A}.Debug|x64.Build.0 = Debug|x64
		{A36AC5C7-76E2-459C-8939-26B788C0E05A}.Release|Win32.ActiveCfg = Release|Win32
		{A36AC5C7-76E2-459C-8939-26B788C0E05A}.Release|Win32.Build.0 = Release|Win32
		{A36AC5C7-76E2-459C-8939-26B788C0E05A}.Release|x64.ActiveCfg = Release|x64
		{A36AC5C7-76E2-459C-8939-26B788C0E05A}.Release|x64.Build.0 = Release|x64
		{EA6CBF55-DFF8-43A6-BD5F-FEA52591ADFA}.Debug|Win32.ActiveCfg = Debug|Win32
		{EA6CBF55-DFF8-43A6-BD5F-FEA52591ADFA}.Debug|Win32.Build.0 = Debug|Win32
		{EA6CBF55-DFF8-43A6-BD5F-FEA52591ADFA}.Debug|x64.ActiveCfg = Debug|x64
		{EA6CBF55-DFF8-43A6-BD5F-FEA52591ADFA}.Debug|x64.Build.0 = Debug|x64
		{EA6CBF55-DFF8-43A6-BD5F-FEA52591ADFA}.Release|Win32.ActiveCfg = Release|Win32
		{EA6CBF55-DFF8-43A6-BD5F-FEA52591ADFA}.Release|Win32.Build.0 = Release|Win32
		{EA6CBF55-DFF8-43A6-BD5F-FEA52591ADFA}.Release|x64.ActiveCfg = Release|x64
		{EA6CBF55-DFF8-43A6-BD5F-FEA52591ADFA}.Release|x64.Build.0 = Release|x64
		{E9506F30-3945-4F8C-85A7-5274320EA13E}.Debug|Win32.ActiveCfg = Debug|Win32
		{E9506F30-3945-4F8C-85A7-5274320EA13E}.Debug|Win32.Build.0 = Debug|Win32
		{E9506F30-3945-4F8C-85A7-5274320EA13E}.Debug|x64.ActiveCfg = Debug|x64
		{E9506F30-3945-4F8C-85A7-5274320EA13E}.Debug|x64.Build.0 = Debug|x64
		{E9506F30-3945-4F8C-85A7-5274320EA13E}.Release|Win32.ActiveCfg = Release|Win32
		{E9506F30-3945-4F8C-85A7-5274320EA13E}.Release|Win32.Build.0 = Release|Win32
		{E9506F30-3945-4F8C-85A7-5274320EA13E}.Release|x64.ActiveCfg = Release|x64
		{E9506F30-3945-4F8C-85A7-5274320EA13E}.Release|x64.Build.0 = Release|x64
		{D7800B74-C0B1-40FF-8DA5-D57328AEDD27}.Debug|Win32.ActiveCfg = Debug|Win32
		{D7800B74-C0B1-40FF-8DA5-D57328AEDD27}.Debug|Win32.Build.0 = Debug|Win32
		{D7800B74-C0B1-40FF-8DA5-D57328AEDD27}.Debug|x64.ActiveCfg = Debug|x64
		{D7800B74-C0B1-40FF-8DA5-D57328AEDD27}.Debug|x64.Build.0 = Debug|x64
		{D7800B74-C0B1-40FF-8DA5-D57328AEDD27}.Release|Win32.ActiveCfg = Release|Win32
		{D7800B74-C0B1-40FF-8DA5-D57328AEDD27}.Release|Win32.Build.0 = Release|Win32
		{D7800B74-C0B1-40FF-8DA5-D57328AEDD27}.Release|x64.ActiveCfg = Release|x64
		{D7800B74-C0B1-40FF-8DA5-D57328AEDD27}.Release|x64.Build.0 = Release|x64
		{1F168E33-53CC-41E0-9279-C3498CAB9572}.Debug|Win32.ActiveCfg = Debug|Win32
		{1F168E33-53CC-41E0-9279-C3498CAB9572}.Debug|Win32.Build.0 = Debug|Win32
		{1F168E33-53CC-41E0-9279-C3498CAB9572}.Debug|x64.ActiveCfg = Debug|x64
		{1F168E33-53CC-41E0-9279-C3498CAB9572}.Debug|x64.Build.0 = Debug|x64
		{1F168E33-53CC-41E0-9279-C3498CAB9572}.Release|Win32.ActiveCfg = Release|Win32
		{1F168E33-53CC-41E0-9279-C3498CAB9572}.Release|Win32.Build.0 = Release|Win32
		{1F168E33-53CC-41E0-9279-C3498CAB9572}.Release|x64.ActiveCfg = Release|x64
		{1F168E33-53CC-41E0-9279-C3498CAB9572}.Release|x64.Build.0 = Release|x64
		{652979BE-5350-44CA-BB95-97681D1FCFBC}.Debug|Win32.ActiveCfg = Debug|x64
		{652979BE-5350-44CA-BB95-97681D1FCFBC}.Debug|x64.ActiveCfg = Debug|x64
		{652979BE-5350-44CA-BB95-97681D1FCFBC}.Debug|x64.Build.0 = Debug|x64
		{652979BE-5350-44CA-BB95-97681D1FCFBC}.Release|Win32.ActiveCfg = Release|x64
		{652979BE-5350-44CA-BB95-97681D1FCFBC}.Release|x64.ActiveCfg = Release|x64
		{652979BE-5350-44CA-BB95-97681D1FCFBC}.Release|x64.Build.0 = Release|x64
		{FEDD8716-73EB-4987-9405-EF0354FF94F3}.Debug|Win32.ActiveCfg = Debug|Win32
		{FEDD8716-73EB-4987-9405-EF0354FF94F3}.Debug|Win32.Build.0 = Debug|Win32
		{FEDD8716-73EB-4987-9405-EF0354FF94F3}.Debug|x64.ActiveCfg = Debug|x64
		{FEDD8716-73EB-4987-9405-EF0354FF94F3}.Debug|x64.Build.0 = Debug|x64
		{FEDD8716-73EB-4987-9405-EF0354FF94F3}.Release|Win32.ActiveCfg = Release|Win32
		{FEDD8716-73EB-4987-9405-EF0354FF94F3}.Release|Win32.Build.0 = Release|Win32
		{FEDD8716-73EB-4987-9405-EF0354FF94F3}.Release|x64.ActiveCfg = Release|x64
		{FEDD8716-73EB-4987-9405-EF0354FF94F3}.Release|x64.Build.0 = Release|x64
		{8B7B9DC6-9CB0-427A-A703-DE093EB0F6C3}.Debug|Win32.ActiveCfg = Debug|x64
		{8B7B9DC6-9CB0-427A-A703-DE093EB0F6C3}.Debug|x64.ActiveCfg = Debug|x64
		{8B7B9DC6-9CB0-427A-A703-DE093EB0F6C3}.Debug|x64.Build.0 = Debug|x64
		{8B7B9DC6-9CB0-427A-A703-DE093EB0F6C3}.Release|Win32.ActiveCfg = Release|x64
		{8B7B9DC6-9CB0-427A-A703-DE093EB0F6C3}.Release|x64.ActiveCfg = Release|x64
		{8B7B9DC6-9CB0-427A-A703-DE093EB0F6C3}.Release|x64.Build.0 = Release|x64
		{1E6187B0-C869-4905-B73C-53380AB5DB6A}.Debug|Win32.ActiveCfg = Debug|x64
		{1E6187B0-C869-4905-B73C-53380AB5DB6A}.Debug|x64.ActiveCfg = Debug|x64
		{1E6187B0-C869-4905-B73C-53380AB5DB6A}.Debug|x64.Build.0 = Debug|x64
		{1E6187B0-C869-4905-B73C-53380AB5DB6A}.Release|Win32.ActiveCfg = Release|x64
		{1E6187B0-C869-4905-B73C-53380AB5DB6A}.Release|x64.ActiveCfg = Release|x64
		{1E6187B0-C869-4905-B73C-53380AB5DB6A}.Release|x64.Build.0 = Release|x64
		{9D11B78B-58F1-4C9D-99AC-10E51D2B0F92}.Debug|Win32.ActiveCfg = Debug|x64
		{9D11B78B-58F1-4C9D-99AC-10E51D2B0F92}.Debug|x64.ActiveCfg = Debug|x64
		{9D11B78B-58F1-4C9D-99AC-10E51D2B0F92}.Debug|x64.Build.0 = Debug|x64
		{9D11B78B-58F1-4C9D-99AC-10E51D2B0F92}.Release|Win32.ActiveCfg = Release|x64
		{9D11B78B-58F1-4C9D-99AC-10E51D2B0F92}.Release|x64.ActiveCfg = Release|x64
		{9D11B78B-58F1-4C9D-99AC-10E51D2B0F92}.Release|x64.Build.0 = Release|x64
	EndGlobalSection
	GlobalSection(SolutionProperties) = preSolution
		HideSolutionNode = FALSE
	EndGlobalSection
	GlobalSection(ExtensibilityGlobals) = postSolution
		SolutionGuid = {951B218E-149B-477B-B4D8-491844345BBA}
	EndGlobalSection
EndGlobal
